{
  "requires": true,
  "lockfileVersion": 1,
  "dependencies": {
    "detectrtc": {
      "version": "1.3.9",
      "resolved": "https://registry.npmjs.org/detectrtc/-/detectrtc-1.3.9.tgz",
      "integrity": "sha512-uDmANQib8St/dRppyQGXHX36qG2wel5dKHslqz0qr2958rcpN6heOzofV2PoKi7ogtCXpQuz0JUzazWhnLBPcA=="
    },
    "requirejs": {
      "version": "2.3.6",
      "resolved": "https://registry.npmjs.org/requirejs/-/requirejs-2.3.6.tgz",
      "integrity": "sha512-ipEzlWQe6RK3jkzikgCupiTbTvm4S0/CAU5GlgptkN5SO6F3u0UD0K18wy6ErDqiCyP4J4YYe1HuAShvsxePLg=="
    }
  }
}
